
Microsoft Visual Studio Solution File, Format Version 12.00
Project("{FAE04EC0-301F-11D3-BF4B-00C04F79EFBC}") = "Wordition.API", "src\Wordition.API\Wordition.API.csproj", "{EC801EF9-3AB9-4F60-8EA9-81673C49930C}"
EndProject
Project("{FAE04EC0-301F-11D3-BF4B-00C04F79EFBC}") = "Wordition.Domain", "src\Wordition.Domain\Wordition.Domain.csproj", "{7F58E29A-1430-4341-8FA4-E18C5BEEB5B5}"
EndProject
Project("{FAE04EC0-301F-11D3-BF4B-00C04F79EFBC}") = "Wordition.Application", "src\Wordition.Application\Wordition.Application.csproj", "{2015CF47-F3B0-485C-84F5-F2A6FB2C7E5D}"
EndProject
Project("{FAE04EC0-301F-11D3-BF4B-00C04F79EFBC}") = "Wordition.Infrastructure", "src\Wordition.Infrastructure\Wordition.Infrastructure.csproj", "{20FB55FD-3D23-4FF9-A9ED-DCAB8D48AD70}"
EndProject
Global
	GlobalSection(SolutionConfigurationPlatforms) = preSolution
		Debug|Any CPU = Debug|Any CPU
		Release|Any CPU = Release|Any CPU
	EndGlobalSection
	GlobalSection(ProjectConfigurationPlatforms) = postSolution
		{EC801EF9-3AB9-4F60-8EA9-81673C49930C}.Debug|Any CPU.ActiveCfg = Debug|Any CPU
		{EC801EF9-3AB9-4F60-8EA9-81673C49930C}.Debug|Any CPU.Build.0 = Debug|Any CPU
		{EC801EF9-3AB9-4F60-8EA9-81673C49930C}.Release|Any CPU.ActiveCfg = Release|Any CPU
		{EC801EF9-3AB9-4F60-8EA9-81673C49930C}.Release|Any CPU.Build.0 = Release|Any CPU
		{7F58E29A-1430-4341-8FA4-E18C5BEEB5B5}.Debug|Any CPU.ActiveCfg = Debug|Any CPU
		{7F58E29A-1430-4341-8FA4-E18C5BEEB5B5}.Debug|Any CPU.Build.0 = Debug|Any CPU
		{7F58E29A-1430-4341-8FA4-E18C5BEEB5B5}.Release|Any CPU.ActiveCfg = Release|Any CPU
		{7F58E29A-1430-4341-8FA4-E18C5BEEB5B5}.Release|Any CPU.Build.0 = Release|Any CPU
		{2015CF47-F3B0-485C-84F5-F2A6FB2C7E5D}.Debug|Any CPU.ActiveCfg = Debug|Any CPU
		{2015CF47-F3B0-485C-84F5-F2A6FB2C7E5D}.Debug|Any CPU.Build.0 = Debug|Any CPU
		{2015CF47-F3B0-485C-84F5-F2A6FB2C7E5D}.Release|Any CPU.ActiveCfg = Release|Any CPU
		{2015CF47-F3B0-485C-84F5-F2A6FB2C7E5D}.Release|Any CPU.Build.0 = Release|Any CPU
		{20FB55FD-3D23-4FF9-A9ED-DCAB8D48AD70}.Debug|Any CPU.ActiveCfg = Debug|Any CPU
		{20FB55FD-3D23-4FF9-A9ED-DCAB8D48AD70}.Debug|Any CPU.Build.0 = Debug|Any CPU
		{20FB55FD-3D23-4FF9-A9ED-DCAB8D48AD70}.Release|Any CPU.ActiveCfg = Release|Any CPU
		{20FB55FD-3D23-4FF9-A9ED-DCAB8D48AD70}.Release|Any CPU.Build.0 = Release|Any CPU
	EndGlobalSection
EndGlobal
